
Microsoft Visual Studio Solution File, Format Version 12.00
# Visual Studio Version 16
VisualStudioVersion = 16.0.29409.12
MinimumVisualStudioVersion = 10.0.40219.1
Project("{9A19103F-16F7-4668-BE54-9A1E7A4F7556}") = "SinglyLinkedList", "SinglyLinkedList.csproj", "{958EC2F0-E457-478C-91B7-B158121F8B5C}"
EndProject
Project("{FAE04EC0-301F-11D3-BF4B-00C04F79EFBC}") = "SingleLinkedListUnitTests", "..\SingleLinkedListUnitTests\SingleLinkedListUnitTests.csproj", "{EC3677D5-5AAC-41B2-BEFD-3E237044B7DA}"
EndProject
Global
	GlobalSection(SolutionConfigurationPlatforms) = preSolution
		Debug|Any CPU = Debug|Any CPU
		Release|Any CPU = Release|Any CPU
	EndGlobalSection
	GlobalSection(ProjectConfigurationPlatforms) = postSolution
		{958EC2F0-E457-478C-91B7-B158121F8B5C}.Debug|Any CPU.ActiveCfg = Debug|Any CPU
		{958EC2F0-E457-478C-91B7-B158121F8B5C}.Debug|Any CPU.Build.0 = Debug|Any CPU
		{958EC2F0-E457-478C-91B7-B158121F8B5C}.Release|Any CPU.ActiveCfg = Release|Any CPU
		{958EC2F0-E457-478C-91B7-B158121F8B5C}.Release|Any CPU.Build.0 = Release|Any CPU
		{EC3677D5-5AAC-41B2-BEFD-3E237044B7DA}.Debug|Any CPU.ActiveCfg = Debug|Any CPU
		{EC3677D5-5AAC-41B2-BEFD-3E237044B7DA}.Debug|Any CPU.Build.0 = Debug|Any CPU
		{EC3677D5-5AAC-41B2-BEFD-3E237044B7DA}.Release|Any CPU.ActiveCfg = Release|Any CPU
		{EC3677D5-5AAC-41B2-BEFD-3E237044B7DA}.Release|Any CPU.Build.0 = Release|Any CPU
	EndGlobalSection
	GlobalSection(SolutionProperties) = preSolution
		HideSolutionNode = FALSE
	EndGlobalSection
	GlobalSection(ExtensibilityGlobals) = postSolution
		SolutionGuid = {0AA8DCD0-9B0E-4126-9569-20ADE6B68641}
	EndGlobalSection
EndGlobal
