
Microsoft Visual Studio Solution File, Format Version 12.00
# Visual Studio Version 16
VisualStudioVersion = 16.0.29411.108
MinimumVisualStudioVersion = 10.0.40219.1
Project("{F2A71F9B-5D33-465A-A702-920D77279786}") = "LinkedList", "LinkedList.fsproj", "{44235FA8-02B9-4B58-915B-B852994F78A4}"
EndProject
Project("{F2A71F9B-5D33-465A-A702-920D77279786}") = "LinkedListUnitTests", "..\LinkedListUnitTests\LinkedListUnitTests.fsproj", "{8A339BF8-C8C5-4E36-AECF-6936F295EE63}"
EndProject
Global
	GlobalSection(SolutionConfigurationPlatforms) = preSolution
		Debug|Any CPU = Debug|Any CPU
		Release|Any CPU = Release|Any CPU
	EndGlobalSection
	GlobalSection(ProjectConfigurationPlatforms) = postSolution
		{44235FA8-02B9-4B58-915B-B852994F78A4}.Debug|Any CPU.ActiveCfg = Debug|Any CPU
		{44235FA8-02B9-4B58-915B-B852994F78A4}.Debug|Any CPU.Build.0 = Debug|Any CPU
		{44235FA8-02B9-4B58-915B-B852994F78A4}.Release|Any CPU.ActiveCfg = Release|Any CPU
		{44235FA8-02B9-4B58-915B-B852994F78A4}.Release|Any CPU.Build.0 = Release|Any CPU
		{8A339BF8-C8C5-4E36-AECF-6936F295EE63}.Debug|Any CPU.ActiveCfg = Debug|Any CPU
		{8A339BF8-C8C5-4E36-AECF-6936F295EE63}.Debug|Any CPU.Build.0 = Debug|Any CPU
		{8A339BF8-C8C5-4E36-AECF-6936F295EE63}.Release|Any CPU.ActiveCfg = Release|Any CPU
		{8A339BF8-C8C5-4E36-AECF-6936F295EE63}.Release|Any CPU.Build.0 = Release|Any CPU
	EndGlobalSection
	GlobalSection(SolutionProperties) = preSolution
		HideSolutionNode = FALSE
	EndGlobalSection
	GlobalSection(ExtensibilityGlobals) = postSolution
		SolutionGuid = {C8E6C925-9CA1-4B7F-9DFF-88F9351F6F13}
	EndGlobalSection
EndGlobal
