
Microsoft Visual Studio Solution File, Format Version 12.00
# Visual Studio Version 16
VisualStudioVersion = 16.0.29411.108
MinimumVisualStudioVersion = 10.0.40219.1
Project("{F2A71F9B-5D33-465A-A702-920D77279786}") = "Set", "Set.fsproj", "{142CB61B-566E-408F-A473-29B0F1F30357}"
EndProject
Project("{F2A71F9B-5D33-465A-A702-920D77279786}") = "SetTests", "..\SetTests\SetTests.fsproj", "{44DA5987-81A8-41F0-A060-DC97DFA5213C}"
EndProject
Global
	GlobalSection(SolutionConfigurationPlatforms) = preSolution
		Debug|Any CPU = Debug|Any CPU
		Release|Any CPU = Release|Any CPU
	EndGlobalSection
	GlobalSection(ProjectConfigurationPlatforms) = postSolution
		{142CB61B-566E-408F-A473-29B0F1F30357}.Debug|Any CPU.ActiveCfg = Debug|Any CPU
		{142CB61B-566E-408F-A473-29B0F1F30357}.Debug|Any CPU.Build.0 = Debug|Any CPU
		{142CB61B-566E-408F-A473-29B0F1F30357}.Release|Any CPU.ActiveCfg = Release|Any CPU
		{142CB61B-566E-408F-A473-29B0F1F30357}.Release|Any CPU.Build.0 = Release|Any CPU
		{44DA5987-81A8-41F0-A060-DC97DFA5213C}.Debug|Any CPU.ActiveCfg = Debug|Any CPU
		{44DA5987-81A8-41F0-A060-DC97DFA5213C}.Debug|Any CPU.Build.0 = Debug|Any CPU
		{44DA5987-81A8-41F0-A060-DC97DFA5213C}.Release|Any CPU.ActiveCfg = Release|Any CPU
		{44DA5987-81A8-41F0-A060-DC97DFA5213C}.Release|Any CPU.Build.0 = Release|Any CPU
	EndGlobalSection
	GlobalSection(SolutionProperties) = preSolution
		HideSolutionNode = FALSE
	EndGlobalSection
	GlobalSection(ExtensibilityGlobals) = postSolution
		SolutionGuid = {8106CDA2-3668-4016-A5F7-7739112DC290}
	EndGlobalSection
EndGlobal
